
Microsoft Visual Studio Solution File, Format Version 12.00
# Visual Studio Version 16
VisualStudioVersion = 16.0.29424.173
MinimumVisualStudioVersion = 10.0.40219.1
Project("{FAE04EC0-301F-11D3-BF4B-00C04F79EFBC}") = "MVC_CoreNew", "MVC_CoreNew.csproj", "{193494BE-6C33-4B7C-A5FF-1A718ACF0400}"
EndProject
Global
	GlobalSection(SolutionConfigurationPlatforms) = preSolution
		Debug|Any CPU = Debug|Any CPU
		Release|Any CPU = Release|Any CPU
	EndGlobalSection
	GlobalSection(ProjectConfigurationPlatforms) = postSolution
		{193494BE-6C33-4B7C-A5FF-1A718ACF0400}.Debug|Any CPU.ActiveCfg = Debug|Any CPU
		{193494BE-6C33-4B7C-A5FF-1A718ACF0400}.Debug|Any CPU.Build.0 = Debug|Any CPU
		{193494BE-6C33-4B7C-A5FF-1A718ACF0400}.Release|Any CPU.ActiveCfg = Release|Any CPU
		{193494BE-6C33-4B7C-A5FF-1A718ACF0400}.Release|Any CPU.Build.0 = Release|Any CPU
	EndGlobalSection
	GlobalSection(SolutionProperties) = preSolution
		HideSolutionNode = FALSE
	EndGlobalSection
	GlobalSection(ExtensibilityGlobals) = postSolution
		SolutionGuid = {86A1CAD1-ED65-4511-B9A6-E4D18B83C2F8}
	EndGlobalSection
EndGlobal
